
Microsoft Visual Studio Solution File, Format Version 12.00
# Visual Studio Version 17
VisualStudioVersion = 17.7.34031.279
MinimumVisualStudioVersion = 10.0.40219.1
Project("{8BC9CEB8-8B4A-11D0-8D11-00A0C91BC942}") = "XGMActivator", "XGMActivator.vcxproj", "{0FFB90F4-44E3-4892-BAA6-154A6DFA7BE2}"
EndProject
Project("{54435603-DBB4-11D2-8724-00A0C9A8B90C}") = "Setup", "Setup\Setup.vdproj", "{BEEFF03E-E97A-4A77-8AFF-92CB4D1595CD}"
EndProject
Global
	GlobalSection(SolutionConfigurationPlatforms) = preSolution
		Debug|x64 = Debug|x64
		Debug|x86 = Debug|x86
		Release|x64 = Release|x64
		Release|x86 = Release|x86
	EndGlobalSection
	GlobalSection(ProjectConfigurationPlatforms) = postSolution
		{0FFB90F4-44E3-4892-BAA6-154A6DFA7BE2}.Debug|x64.ActiveCfg = Debug|x64
		{0FFB90F4-44E3-4892-BAA6-154A6DFA7BE2}.Debug|x64.Build.0 = Debug|x64
		{0FFB90F4-44E3-4892-BAA6-154A6DFA7BE2}.Debug|x86.ActiveCfg = Debug|Win32
		{0FFB90F4-44E3-4892-BAA6-154A6DFA7BE2}.Debug|x86.Build.0 = Debug|Win32
		{0FFB90F4-44E3-4892-BAA6-154A6DFA7BE2}.Release|x64.ActiveCfg = Release|x64
		{0FFB90F4-44E3-4892-BAA6-154A6DFA7BE2}.Release|x64.Build.0 = Release|x64
		{0FFB90F4-44E3-4892-BAA6-154A6DFA7BE2}.Release|x86.ActiveCfg = Release|Win32
		{0FFB90F4-44E3-4892-BAA6-154A6DFA7BE2}.Release|x86.Build.0 = Release|Win32
		{BEEFF03E-E97A-4A77-8AFF-92CB4D1595CD}.Debug|x64.ActiveCfg = Debug
		{BEEFF03E-E97A-4A77-8AFF-92CB4D1595CD}.Debug|x86.ActiveCfg = Debug
		{BEEFF03E-E97A-4A77-8AFF-92CB4D1595CD}.Release|x64.ActiveCfg = Release
		{BEEFF03E-E97A-4A77-8AFF-92CB4D1595CD}.Release|x86.ActiveCfg = Release
	EndGlobalSection
	GlobalSection(SolutionProperties) = preSolution
		HideSolutionNode = FALSE
	EndGlobalSection
	GlobalSection(ExtensibilityGlobals) = postSolution
		SolutionGuid = {43CD9ABF-6937-4759-815D-A7E7B7A75F7E}
	EndGlobalSection
	GlobalSection(SolutionConfigurationPlatforms) = preSolution
		Debug|Default = Debug|Default
		Debug|x64 = Debug|x64
		Release|Default = Release|Default
		Release|x64 = Release|x64
	EndGlobalSection
	GlobalSection(SolutionConfigurationPlatforms) = preSolution
		Debug|x64 = Debug|x64
		Debug|x86 = Debug|x86
		Release|x64 = Release|x64
		Release|x86 = Release|x86
	EndGlobalSection
EndGlobal
